
Microsoft Visual Studio Solution File, Format Version 12.00
# Visual Studio 15
VisualStudioVersion = 15.0.26124.0
MinimumVisualStudioVersion = 15.0.26124.0
Project("{FAE04EC0-301F-11D3-BF4B-00C04F79EFBC}") = "Todo.Domain", "Todo.Domain\Todo.Domain.csproj", "{8A4A03C7-0F6F-493B-817D-2A7F3304FD5C}"
EndProject
Project("{FAE04EC0-301F-11D3-BF4B-00C04F79EFBC}") = "Todo.Domain.Infra", "Todo.Domain.Infra\Todo.Domain.Infra.csproj", "{08D0F082-0C9C-4E80-BA72-FA9B30F01EDE}"
EndProject
Project("{FAE04EC0-301F-11D3-BF4B-00C04F79EFBC}") = "Todo.Domain.Tests", "Todo.Domain.Tests\Todo.Domain.Tests.csproj", "{42E85989-52EE-4B78-84C5-94BFFC687425}"
EndProject
Project("{FAE04EC0-301F-11D3-BF4B-00C04F79EFBC}") = "Todo", "Todo.WebAPI\Todo.csproj", "{3DC49104-C22D-48DE-92D0-19290E8CF068}"
EndProject
Global
	GlobalSection(SolutionConfigurationPlatforms) = preSolution
		Debug|Any CPU = Debug|Any CPU
		Debug|x64 = Debug|x64
		Debug|x86 = Debug|x86
		Release|Any CPU = Release|Any CPU
		Release|x64 = Release|x64
		Release|x86 = Release|x86
	EndGlobalSection
	GlobalSection(SolutionProperties) = preSolution
		HideSolutionNode = FALSE
	EndGlobalSection
	GlobalSection(ProjectConfigurationPlatforms) = postSolution
		{8A4A03C7-0F6F-493B-817D-2A7F3304FD5C}.Debug|Any CPU.ActiveCfg = Debug|Any CPU
		{8A4A03C7-0F6F-493B-817D-2A7F3304FD5C}.Debug|Any CPU.Build.0 = Debug|Any CPU
		{8A4A03C7-0F6F-493B-817D-2A7F3304FD5C}.Debug|x64.ActiveCfg = Debug|Any CPU
		{8A4A03C7-0F6F-493B-817D-2A7F3304FD5C}.Debug|x64.Build.0 = Debug|Any CPU
		{8A4A03C7-0F6F-493B-817D-2A7F3304FD5C}.Debug|x86.ActiveCfg = Debug|Any CPU
		{8A4A03C7-0F6F-493B-817D-2A7F3304FD5C}.Debug|x86.Build.0 = Debug|Any CPU
		{8A4A03C7-0F6F-493B-817D-2A7F3304FD5C}.Release|Any CPU.ActiveCfg = Release|Any CPU
		{8A4A03C7-0F6F-493B-817D-2A7F3304FD5C}.Release|Any CPU.Build.0 = Release|Any CPU
		{8A4A03C7-0F6F-493B-817D-2A7F3304FD5C}.Release|x64.ActiveCfg = Release|Any CPU
		{8A4A03C7-0F6F-493B-817D-2A7F3304FD5C}.Release|x64.Build.0 = Release|Any CPU
		{8A4A03C7-0F6F-493B-817D-2A7F3304FD5C}.Release|x86.ActiveCfg = Release|Any CPU
		{8A4A03C7-0F6F-493B-817D-2A7F3304FD5C}.Release|x86.Build.0 = Release|Any CPU
		{08D0F082-0C9C-4E80-BA72-FA9B30F01EDE}.Debug|Any CPU.ActiveCfg = Debug|Any CPU
		{08D0F082-0C9C-4E80-BA72-FA9B30F01EDE}.Debug|Any CPU.Build.0 = Debug|Any CPU
		{08D0F082-0C9C-4E80-BA72-FA9B30F01EDE}.Debug|x64.ActiveCfg = Debug|Any CPU
		{08D0F082-0C9C-4E80-BA72-FA9B30F01EDE}.Debug|x64.Build.0 = Debug|Any CPU
		{08D0F082-0C9C-4E80-BA72-FA9B30F01EDE}.Debug|x86.ActiveCfg = Debug|Any CPU
		{08D0F082-0C9C-4E80-BA72-FA9B30F01EDE}.Debug|x86.Build.0 = Debug|Any CPU
		{08D0F082-0C9C-4E80-BA72-FA9B30F01EDE}.Release|Any CPU.ActiveCfg = Release|Any CPU
		{08D0F082-0C9C-4E80-BA72-FA9B30F01EDE}.Release|Any CPU.Build.0 = Release|Any CPU
		{08D0F082-0C9C-4E80-BA72-FA9B30F01EDE}.Release|x64.ActiveCfg = Release|Any CPU
		{08D0F082-0C9C-4E80-BA72-FA9B30F01EDE}.Release|x64.Build.0 = Release|Any CPU
		{08D0F082-0C9C-4E80-BA72-FA9B30F01EDE}.Release|x86.ActiveCfg = Release|Any CPU
		{08D0F082-0C9C-4E80-BA72-FA9B30F01EDE}.Release|x86.Build.0 = Release|Any CPU
		{42E85989-52EE-4B78-84C5-94BFFC687425}.Debug|Any CPU.ActiveCfg = Debug|Any CPU
		{42E85989-52EE-4B78-84C5-94BFFC687425}.Debug|Any CPU.Build.0 = Debug|Any CPU
		{42E85989-52EE-4B78-84C5-94BFFC687425}.Debug|x64.ActiveCfg = Debug|Any CPU
		{42E85989-52EE-4B78-84C5-94BFFC687425}.Debug|x64.Build.0 = Debug|Any CPU
		{42E85989-52EE-4B78-84C5-94BFFC687425}.Debug|x86.ActiveCfg = Debug|Any CPU
		{42E85989-52EE-4B78-84C5-94BFFC687425}.Debug|x86.Build.0 = Debug|Any CPU
		{42E85989-52EE-4B78-84C5-94BFFC687425}.Release|Any CPU.ActiveCfg = Release|Any CPU
		{42E85989-52EE-4B78-84C5-94BFFC687425}.Release|Any CPU.Build.0 = Release|Any CPU
		{42E85989-52EE-4B78-84C5-94BFFC687425}.Release|x64.ActiveCfg = Release|Any CPU
		{42E85989-52EE-4B78-84C5-94BFFC687425}.Release|x64.Build.0 = Release|Any CPU
		{42E85989-52EE-4B78-84C5-94BFFC687425}.Release|x86.ActiveCfg = Release|Any CPU
		{42E85989-52EE-4B78-84C5-94BFFC687425}.Release|x86.Build.0 = Release|Any CPU
		{3DC49104-C22D-48DE-92D0-19290E8CF068}.Debug|Any CPU.ActiveCfg = Debug|Any CPU
		{3DC49104-C22D-48DE-92D0-19290E8CF068}.Debug|Any CPU.Build.0 = Debug|Any CPU
		{3DC49104-C22D-48DE-92D0-19290E8CF068}.Debug|x64.ActiveCfg = Debug|Any CPU
		{3DC49104-C22D-48DE-92D0-19290E8CF068}.Debug|x64.Build.0 = Debug|Any CPU
		{3DC49104-C22D-48DE-92D0-19290E8CF068}.Debug|x86.ActiveCfg = Debug|Any CPU
		{3DC49104-C22D-48DE-92D0-19290E8CF068}.Debug|x86.Build.0 = Debug|Any CPU
		{3DC49104-C22D-48DE-92D0-19290E8CF068}.Release|Any CPU.ActiveCfg = Release|Any CPU
		{3DC49104-C22D-48DE-92D0-19290E8CF068}.Release|Any CPU.Build.0 = Release|Any CPU
		{3DC49104-C22D-48DE-92D0-19290E8CF068}.Release|x64.ActiveCfg = Release|Any CPU
		{3DC49104-C22D-48DE-92D0-19290E8CF068}.Release|x64.Build.0 = Release|Any CPU
		{3DC49104-C22D-48DE-92D0-19290E8CF068}.Release|x86.ActiveCfg = Release|Any CPU
		{3DC49104-C22D-48DE-92D0-19290E8CF068}.Release|x86.Build.0 = Release|Any CPU
	EndGlobalSection
EndGlobal
